nstalled hashicorp/aws v5.94.0 (signed by HashiCorp)
Terraform has created a lock file .terraform.lock.hcl to record the provider
selections it made above. Include this file in your version control repository
so that Terraform can guarantee to make the same selections by default when
you run "terraform init" in the future.

Terraform has been successfully initialized!

You may now begin working with Terraform. Try running "terraform plan" to see
any changes that are required for your infrastructure. All Terraform commands
should now work.

If you ever set or change modules or backend configuration for Terraform,
rerun this command to reinitialize your working directory. If you forget, other
commands will detect it and remind you to do so if necessary.
rae@Rae:/mnt/c/Users/KHARDZ/Desktop/Week 3/Oaktree/Terraform$ terraform plan


module.ecs.data.aws_region.current: Reading...
module.ecs.data.aws_region.current: Read complete after 0s [id=us-east-1]

Terraform used the selected providers to generate the following execution plan. Resource actions are indicated with
the following symbols:
  + create

Terraform will perform the following actions:

  # module.ecr.aws_ecr_lifecycle_policy.main will be created
  + resource "aws_ecr_lifecycle_policy" "main" {
      + id          = (known after apply)
      + policy      = jsonencode(
            {
              + rules = [
                  + {
                      + action       = {
                          + type = "expire"
                        }
                      + description  = "Keep last 5 images"
                      + rulePriority = 1
                      + selection    = {
                          + countNumber = 5
                          + countType   = "imageCountMoreThan"
                          + tagStatus   = "any"
                        }
                    },
                ]
            }
        )
      + registry_id = (known after apply)
      + repository  = "cloud-app-dashboard"
    }

  # module.ecr.aws_ecr_repository.main will be created
  + resource "aws_ecr_repository" "main" {
      + arn                  = (known after apply)
      + id                   = (known after apply)
      + image_tag_mutability = "MUTABLE"
      + name                 = "cloud-app-dashboard"
      + registry_id          = (known after apply)
      + repository_url       = (known after apply)
      + tags                 = {
          + "Environment" = "dev"
          + "Name"        = "dev-cloud-app-dashboard"
          + "Project"     = "cloud-app-dashboard"
          + "Terraform"   = "true"
        }
      + tags_all             = {
          + "Environment" = "dev"
          + "Name"        = "dev-cloud-app-dashboard"
          + "Project"     = "cloud-app-dashboard"
          + "Terraform"   = "true"
        }

      + image_scanning_configuration {
          + scan_on_push = true
        }
    }

  # module.ecs.aws_appautoscaling_policy.ecs_policy_cpu will be created
  + resource "aws_appautoscaling_policy" "ecs_policy_cpu" {
      + alarm_arns         = (known after apply)
      + arn                = (known after apply)
      + id                 = (known after apply)
      + name               = "dev-cpu-autoscaling"
      + policy_type        = "TargetTrackingScaling"
      + resource_id        = "service/dev-cluster/cloud-app-dashboard-service"
      + scalable_dimension = "ecs:service:DesiredCount"
      + service_namespace  = "ecs"

      + target_tracking_scaling_policy_configuration {
          + disable_scale_in   = false
          + scale_in_cooldown  = 300
          + scale_out_cooldown = 300
          + target_value       = 70

          + predefined_metric_specification {
              + predefined_metric_type = "ECSServiceAverageCPUUtilization"
            }
        }
    }

  # module.ecs.aws_appautoscaling_policy.ecs_policy_memory will be created
  + resource "aws_appautoscaling_policy" "ecs_policy_memory" {
      + alarm_arns         = (known after apply)
      + arn                = (known after apply)
      + id                 = (known after apply)
      + name               = "dev-memory-autoscaling"
      + policy_type        = "TargetTrackingScaling"
      + resource_id        = "service/dev-cluster/cloud-app-dashboard-service"
      + scalable_dimension = "ecs:service:DesiredCount"
      + service_namespace  = "ecs"

      + target_tracking_scaling_policy_configuration {
          + disable_scale_in   = false
          + scale_in_cooldown  = 300
          + scale_out_cooldown = 300
          + target_value       = 70

          + predefined_metric_specification {
              + predefined_metric_type = "ECSServiceAverageMemoryUtilization"
            }
        }
    }

  # module.ecs.aws_appautoscaling_target.ecs_target will be created
  + resource "aws_appautoscaling_target" "ecs_target" {
      + arn                = (known after apply)
      + id                 = (known after apply)
      + max_capacity       = 4
      + min_capacity       = 1
      + resource_id        = "service/dev-cluster/cloud-app-dashboard-service"
      + role_arn           = (known after apply)
      + scalable_dimension = "ecs:service:DesiredCount"
      + service_namespace  = "ecs"
      + tags_all           = (known after apply)

      + suspended_state (known after apply)
    }

  # module.ecs.aws_cloudwatch_log_group.app will be created
  + resource "aws_cloudwatch_log_group" "app" {
      + arn               = (known after apply)
      + id                = (known after apply)
      + log_group_class   = (known after apply)
      + name              = "/ecs/dev-app"
      + name_prefix       = (known after apply)
      + retention_in_days = 30
      + skip_destroy      = false
      + tags              = {
          + "Environment" = "dev"
          + "Name"        = "dev-log-group"
          + "Project"     = "cloud-app-dashboard"
          + "Terraform"   = "true"
        }
      + tags_all          = {
          + "Environment" = "dev"
          + "Name"        = "dev-log-group"
          + "Project"     = "cloud-app-dashboard"
          + "Terraform"   = "true"
        }
    }

  # module.ecs.aws_ecs_cluster.main will be created
  + resource "aws_ecs_cluster" "main" {
      + arn      = (known after apply)
      + id       = (known after apply)
      + name     = "dev-cluster"
      + tags     = {
          + "Environment" = "dev"
          + "Name"        = "dev-cluster"
          + "Project"     = "cloud-app-dashboard"
          + "Terraform"   = "true"
        }
      + tags_all = {
          + "Environment" = "dev"
          + "Name"        = "dev-cluster"
          + "Project"     = "cloud-app-dashboard"
          + "Terraform"   = "true"
        }

      + setting {
          + name  = "containerInsights"
          + value = "enabled"
        }
    }

  # module.ecs.aws_ecs_service.app will be created
  + resource "aws_ecs_service" "app" {
      + availability_zone_rebalancing      = "DISABLED"
      + cluster                            = (known after apply)
      + deployment_maximum_percent         = 200
      + deployment_minimum_healthy_percent = 100
      + desired_count                      = 2
      + enable_ecs_managed_tags            = false
      + enable_execute_command             = false
      + iam_role                           = (known after apply)
      + id                                 = (known after apply)
      + launch_type                        = "FARGATE"
      + name                               = "cloud-app-dashboard-service"
      + platform_version                   = (known after apply)
      + scheduling_strategy                = "REPLICA"
      + tags                               = {
          + "Environment" = "dev"
          + "Name"        = "dev-service"
          + "Project"     = "cloud-app-dashboard"
          + "Terraform"   = "true"
        }
      + tags_all                           = {
          + "Environment" = "dev"
          + "Name"        = "dev-service"
          + "Project"     = "cloud-app-dashboard"
          + "Terraform"   = "true"
        }
      + task_definition                    = (known after apply)
      + triggers                           = (known after apply)
      + wait_for_steady_state              = false

      + deployment_controller {
          + type = "ECS"
        }

      + load_balancer {
          + container_name   = "dev-app"
          + container_port   = 3000
          + target_group_arn = (known after apply)
            # (1 unchanged attribute hidden)
        }

      + network_configuration {
          + assign_public_ip = false
          + security_groups  = (known after apply)
          + subnets          = (known after apply)
        }
    }

  # module.ecs.aws_ecs_task_definition.app will be created
  + resource "aws_ecs_task_definition" "app" {
      + arn                      = (known after apply)
      + arn_without_revision     = (known after apply)
      + container_definitions    = (known after apply)
      + cpu                      = "256"
      + enable_fault_injection   = (known after apply)
      + execution_role_arn       = (known after apply)
      + family                   = "dev-app"
      + id                       = (known after apply)
      + memory                   = "512"
      + network_mode             = "awsvpc"
      + requires_compatibilities = [
          + "FARGATE",
        ]
      + revision                 = (known after apply)
      + skip_destroy             = false
      + tags                     = {
          + "Environment" = "dev"
          + "Name"        = "dev-task-def"
          + "Project"     = "cloud-app-dashboard"
          + "Terraform"   = "true"
        }
      + tags_all                 = {
          + "Environment" = "dev"
          + "Name"        = "dev-task-def"
          + "Project"     = "cloud-app-dashboard"
          + "Terraform"   = "true"
        }
      + task_role_arn            = (known after apply)
      + track_latest             = false
    }

  # module.ecs.aws_iam_role.ecs_execution will be created
  + resource "aws_iam_role" "ecs_execution" {
      + arn                   = (known after apply)
      + assume_role_policy    = jsonencode(
            {
              + Statement = [
                  + {
                      + Action    = "sts:AssumeRole"
                      + Effect    = "Allow"
                      + Principal = {
                          + Service = "ecs-tasks.amazonaws.com"
                        }
                    },
                ]
              + Version   = "2012-10-17"
            }
        )
      + create_date           = (known after apply)
      + force_detach_policies = false
      + id                    = (known after apply)
      + managed_policy_arns   = (known after apply)
      + max_session_duration  = 3600
      + name                  = "dev-ecs-execution-role"
      + name_prefix           = (known after apply)
      + path                  = "/"
      + tags                  = {
          + "Environment" = "dev"
          + "Project"     = "cloud-app-dashboard"
          + "Terraform"   = "true"
        }
      + tags_all              = {
          + "Environment" = "dev"
          + "Project"     = "cloud-app-dashboard"
          + "Terraform"   = "true"
        }
      + unique_id             = (known after apply)

      + inline_policy (known after apply)
    }

  # module.ecs.aws_iam_role.ecs_task will be created
  + resource "aws_iam_role" "ecs_task" {
      + arn                   = (known after apply)
      + assume_role_policy    = jsonencode(
            {
              + Statement = [
                  + {
                      + Action    = "sts:AssumeRole"
                      + Effect    = "Allow"
                      + Principal = {
                          + Service = "ecs-tasks.amazonaws.com"
                        }
                    },
                ]
              + Version   = "2012-10-17"
            }
        )
      + create_date           = (known after apply)
      + force_detach_policies = false
      + id                    = (known after apply)
      + managed_policy_arns   = (known after apply)
      + max_session_duration  = 3600
      + name                  = "dev-ecs-task-role"
      + name_prefix           = (known after apply)
      + path                  = "/"
      + tags                  = {
          + "Environment" = "dev"
          + "Project"     = "cloud-app-dashboard"
          + "Terraform"   = "true"
        }
      + tags_all              = {
          + "Environment" = "dev"
          + "Project"     = "cloud-app-dashboard"
          + "Terraform"   = "true"
        }
      + unique_id             = (known after apply)

      + inline_policy (known after apply)
    }

  # module.ecs.aws_iam_role_policy_attachment.ecs_execution will be created
  + resource "aws_iam_role_policy_attachment" "ecs_execution" {
      + id         = (known after apply)
      + policy_arn = "arn:aws:iam::aws:policy/service-role/AmazonECSTaskExecutionRolePolicy"
      + role       = "dev-ecs-execution-role"
    }

  # module.ecs.aws_lb.main will be created
  + resource "aws_lb" "main" {
      + arn                                                          = (known after apply)
      + arn_suffix                                                   = (known after apply)
      + client_keep_alive                                            = 3600
      + desync_mitigation_mode                                       = "defensive"
      + dns_name                                                     = (known after apply)
      + drop_invalid_header_fields                                   = false
      + enable_deletion_protection                                   = false
      + enable_http2                                                 = true
      + enable_tls_version_and_cipher_suite_headers                  = false
      + enable_waf_fail_open                                         = false
      + enable_xff_client_port                                       = false
      + enable_zonal_shift                                           = false
      + enforce_security_group_inbound_rules_on_private_link_traffic = (known after apply)
      + id                                                           = (known after apply)
      + idle_timeout                                                 = 60
      + internal                                                     = false
      + ip_address_type                                              = (known after apply)
      + load_balancer_type                                           = "application"
      + name                                                         = "dev-alb"
      + name_prefix                                                  = (known after apply)
      + preserve_host_header                                         = false
      + security_groups                                              = (known after apply)
      + subnets                                                      = (known after apply)
      + tags                                                         = {
          + "Environment" = "dev"
          + "Name"        = "dev-alb"
          + "Project"     = "cloud-app-dashboard"
          + "Terraform"   = "true"
        }
      + tags_all                                                     = {
          + "Environment" = "dev"
          + "Name"        = "dev-alb"
          + "Project"     = "cloud-app-dashboard"
          + "Terraform"   = "true"
        }
      + vpc_id                                                       = (known after apply)
      + xff_header_processing_mode                                   = "append"
      + zone_id                                                      = (known after apply)

      + subnet_mapping (known after apply)
    }

  # module.ecs.aws_lb_listener.http will be created
  + resource "aws_lb_listener" "http" {
      + arn                                                                   = (known after apply)
      + id                                                                    = (known after apply)
      + load_balancer_arn                                                     = (known after apply)
      + port                                                                  = 80
      + protocol                                                              = "HTTP"
      + routing_http_request_x_amzn_mtls_clientcert_header_name               = (known after apply)
      + routing_http_request_x_amzn_mtls_clientcert_issuer_header_name        = (known after apply)
      + routing_http_request_x_amzn_mtls_clientcert_leaf_header_name          = (known after apply)
      + routing_http_request_x_amzn_mtls_clientcert_serial_number_header_name = (known after apply)
      + routing_http_request_x_amzn_mtls_clientcert_subject_header_name       = (known after apply)
      + routing_http_request_x_amzn_mtls_clientcert_validity_header_name      = (known after apply)
      + routing_http_request_x_amzn_tls_cipher_suite_header_name              = (known after apply)
      + routing_http_request_x_amzn_tls_version_header_name                   = (known after apply)
      + routing_http_response_access_control_allow_credentials_header_value   = (known after apply)
      + routing_http_response_access_control_allow_headers_header_value       = (known after apply)
      + routing_http_response_access_control_allow_methods_header_value       = (known after apply)
      + routing_http_response_access_control_allow_origin_header_value        = (known after apply)
      + routing_http_response_access_control_expose_headers_header_value      = (known after apply)
      + routing_http_response_access_control_max_age_header_value             = (known after apply)
      + routing_http_response_content_security_policy_header_value            = (known after apply)
      + routing_http_response_server_enabled                                  = (known after apply)
      + routing_http_response_strict_transport_security_header_value          = (known after apply)
      + routing_http_response_x_content_type_options_header_value             = (known after apply)
      + routing_http_response_x_frame_options_header_value                    = (known after apply)
      + ssl_policy                                                            = (known after apply)
      + tags_all                                                              = (known after apply)
      + tcp_idle_timeout_seconds                                              = (known after apply)

      + default_action {
          + order            = (known after apply)
          + target_group_arn = (known after apply)
          + type             = "forward"
        }

      + mutual_authentication (known after apply)
    }

  # module.ecs.aws_lb_target_group.app will be created
  + resource "aws_lb_target_group" "app" {
      + arn                                = (known after apply)
      + arn_suffix                         = (known after apply)
      + connection_termination             = (known after apply)
      + deregistration_delay               = "300"
      + id                                 = (known after apply)
      + ip_address_type                    = (known after apply)
      + lambda_multi_value_headers_enabled = false
      + load_balancer_arns                 = (known after apply)
      + load_balancing_algorithm_type      = (known after apply)
      + load_balancing_anomaly_mitigation  = (known after apply)
      + load_balancing_cross_zone_enabled  = (known after apply)
      + name                               = "dev-target-group"
      + name_prefix                        = (known after apply)
      + port                               = 3000
      + preserve_client_ip                 = (known after apply)
      + protocol                           = "HTTP"
      + protocol_version                   = (known after apply)
      + proxy_protocol_v2                  = false
      + slow_start                         = 0
      + tags                               = {
          + "Environment" = "dev"
          + "Name"        = "dev-target-group"
          + "Project"     = "cloud-app-dashboard"
          + "Terraform"   = "true"
        }
      + tags_all                           = {
          + "Environment" = "dev"
          + "Name"        = "dev-target-group"
          + "Project"     = "cloud-app-dashboard"
          + "Terraform"   = "true"
        }
      + target_type                        = "ip"
      + vpc_id                             = (known after apply)

      + health_check {
          + enabled             = true
          + healthy_threshold   = 3
          + interval            = 60
          + matcher             = "200-299"
          + path                = "/"
          + port                = "traffic-port"
          + protocol            = "HTTP"
          + timeout             = 30
          + unhealthy_threshold = 3
        }

      + stickiness (known after apply)

      + target_failover (known after apply)

      + target_group_health (known after apply)

      + target_health_state (known after apply)
    }

  # module.ecs.aws_security_group.alb will be created
  + resource "aws_security_group" "alb" {
      + arn                    = (known after apply)
      + description            = "Security group for the application load balancer"
      + egress                 = [
          + {
              + cidr_blocks      = [
                  + "0.0.0.0/0",
                ]
              + from_port        = 0
              + ipv6_cidr_blocks = []
              + prefix_list_ids  = []
              + protocol         = "-1"
              + security_groups  = []
              + self             = false
              + to_port          = 0
                # (1 unchanged attribute hidden)
            },
        ]
      + id                     = (known after apply)
      + ingress                = [
          + {
              + cidr_blocks      = [
                  + "0.0.0.0/0",
                ]
              + from_port        = 443
              + ipv6_cidr_blocks = []
              + prefix_list_ids  = []
              + protocol         = "tcp"
              + security_groups  = []
              + self             = false
              + to_port          = 443
                # (1 unchanged attribute hidden)
            },
          + {
              + cidr_blocks      = [
                  + "0.0.0.0/0",
                ]
              + from_port        = 80
              + ipv6_cidr_blocks = []
              + prefix_list_ids  = []
              + protocol         = "tcp"
              + security_groups  = []
              + self             = false
              + to_port          = 80
                # (1 unchanged attribute hidden)
            },
        ]
      + name                   = "dev-alb-sg"
      + name_prefix            = (known after apply)
      + owner_id               = (known after apply)
      + revoke_rules_on_delete = false
      + tags                   = {
          + "Environment" = "dev"
          + "Name"        = "dev-alb-sg"
          + "Project"     = "cloud-app-dashboard"
          + "Terraform"   = "true"
        }
      + tags_all               = {
          + "Environment" = "dev"
          + "Name"        = "dev-alb-sg"
          + "Project"     = "cloud-app-dashboard"
          + "Terraform"   = "true"
        }
      + vpc_id                 = (known after apply)
    }

  # module.ecs.aws_security_group.ecs_tasks will be created
  + resource "aws_security_group" "ecs_tasks" {
      + arn                    = (known after apply)
      + description            = "Security group for the ECS tasks"
      + egress                 = [
          + {
              + cidr_blocks      = [
                  + "0.0.0.0/0",
                ]
              + from_port        = 0
              + ipv6_cidr_blocks = []
              + prefix_list_ids  = []
              + protocol         = "-1"
              + security_groups  = []
              + self             = false
              + to_port          = 0
                # (1 unchanged attribute hidden)
            },
        ]
      + id                     = (known after apply)
      + ingress                = [
          + {
              + cidr_blocks      = []
              + from_port        = 3000
              + ipv6_cidr_blocks = []
              + prefix_list_ids  = []
              + protocol         = "tcp"
              + security_groups  = (known after apply)
              + self             = false
              + to_port          = 3000
                # (1 unchanged attribute hidden)
            },
        ]
      + name                   = "dev-ecs-tasks-sg"
      + name_prefix            = (known after apply)
      + owner_id               = (known after apply)
      + revoke_rules_on_delete = false
      + tags                   = {
          + "Environment" = "dev"
          + "Name"        = "dev-ecs-tasks-sg"
          + "Project"     = "cloud-app-dashboard"
          + "Terraform"   = "true"
        }
      + tags_all               = {
          + "Environment" = "dev"
          + "Name"        = "dev-ecs-tasks-sg"
          + "Project"     = "cloud-app-dashboard"
          + "Terraform"   = "true"
        }
      + vpc_id                 = (known after apply)
    }

  # module.networking.aws_eip.nat will be created
  + resource "aws_eip" "nat" {
      + allocation_id        = (known after apply)
      + arn                  = (known after apply)
      + association_id       = (known after apply)
      + carrier_ip           = (known after apply)
      + customer_owned_ip    = (known after apply)
      + domain               = "vpc"
      + id                   = (known after apply)
      + instance             = (known after apply)
      + ipam_pool_id         = (known after apply)
      + network_border_group = (known after apply)
      + network_interface    = (known after apply)
      + private_dns          = (known after apply)
      + private_ip           = (known after apply)
      + ptr_record           = (known after apply)
      + public_dns           = (known after apply)
      + public_ip            = (known after apply)
      + public_ipv4_pool     = (known after apply)
      + tags                 = {
          + "Environment" = "dev"
          + "Name"        = "dev-nat-eip"
          + "Project"     = "cloud-app-dashboard"
          + "Terraform"   = "true"
        }
      + tags_all             = {
          + "Environment" = "dev"
          + "Name"        = "dev-nat-eip"
          + "Project"     = "cloud-app-dashboard"
          + "Terraform"   = "true"
        }
      + vpc                  = (known after apply)
    }

  # module.networking.aws_internet_gateway.igw will be created
  + resource "aws_internet_gateway" "igw" {
      + arn      = (known after apply)
      + id       = (known after apply)
      + owner_id = (known after apply)
      + tags     = {
          + "Environment" = "dev"
          + "Name"        = "dev-igw"
          + "Project"     = "cloud-app-dashboard"
          + "Terraform"   = "true"
        }
      + tags_all = {
          + "Environment" = "dev"
          + "Name"        = "dev-igw"
          + "Project"     = "cloud-app-dashboard"
          + "Terraform"   = "true"
        }
      + vpc_id   = (known after apply)
    }

  # module.networking.aws_nat_gateway.nat will be created
  + resource "aws_nat_gateway" "nat" {
      + allocation_id                      = (known after apply)
      + association_id                     = (known after apply)
      + connectivity_type                  = "public"
      + id                                 = (known after apply)
      + network_interface_id               = (known after apply)
      + private_ip                         = (known after apply)
      + public_ip                          = (known after apply)
      + secondary_private_ip_address_count = (known after apply)
      + secondary_private_ip_addresses     = (known after apply)
      + subnet_id                          = (known after apply)
      + tags                               = {
          + "Environment" = "dev"
          + "Name"        = "dev-nat-gateway"
          + "Project"     = "cloud-app-dashboard"
          + "Terraform"   = "true"
        }
      + tags_all                           = {
          + "Environment" = "dev"
          + "Name"        = "dev-nat-gateway"
          + "Project"     = "cloud-app-dashboard"
          + "Terraform"   = "true"
        }
    }

  # module.networking.aws_route_table.private will be created
  + resource "aws_route_table" "private" {
      + arn              = (known after apply)
      + id               = (known after apply)
      + owner_id         = (known after apply)
      + propagating_vgws = (known after apply)
      + route            = [
          + {
              + cidr_block                 = "0.0.0.0/0"
              + nat_gateway_id             = (known after apply)
                # (11 unchanged attributes hidden)
            },
        ]
      + tags             = {
          + "Environment" = "dev"
          + "Name"        = "dev-private-route-table"
          + "Project"     = "cloud-app-dashboard"
          + "Terraform"   = "true"
        }
      + tags_all         = {
          + "Environment" = "dev"
          + "Name"        = "dev-private-route-table"
          + "Project"     = "cloud-app-dashboard"
          + "Terraform"   = "true"
        }
      + vpc_id           = (known after apply)
    }

  # module.networking.aws_route_table.public will be created
  + resource "aws_route_table" "public" {
      + arn              = (known after apply)
      + id               = (known after apply)
      + owner_id         = (known after apply)
      + propagating_vgws = (known after apply)
      + route            = [
          + {
              + cidr_block                 = "0.0.0.0/0"
              + gateway_id                 = (known after apply)
                # (11 unchanged attributes hidden)
            },
        ]
      + tags             = {
          + "Environment" = "dev"
          + "Name"        = "dev-public-route-table"
          + "Project"     = "cloud-app-dashboard"
          + "Terraform"   = "true"
        }
      + tags_all         = {
          + "Environment" = "dev"
          + "Name"        = "dev-public-route-table"
          + "Project"     = "cloud-app-dashboard"
          + "Terraform"   = "true"
        }
      + vpc_id           = (known after apply)
    }

  # module.networking.aws_route_table_association.private[0] will be created
  + resource "aws_route_table_association" "private" {
      + id             = (known after apply)
      + route_table_id = (known after apply)
      + subnet_id      = (known after apply)
    }

  # module.networking.aws_route_table_association.private[1] will be created
  + resource "aws_route_table_association" "private" {
      + id             = (known after apply)
      + route_table_id = (known after apply)
      + subnet_id      = (known after apply)
    }

  # module.networking.aws_route_table_association.public[0] will be created
  + resource "aws_route_table_association" "public" {
      + id             = (known after apply)
      + route_table_id = (known after apply)
      + subnet_id      = (known after apply)
    }

  # module.networking.aws_route_table_association.public[1] will be created
  + resource "aws_route_table_association" "public" {
      + id             = (known after apply)
      + route_table_id = (known after apply)
      + subnet_id      = (known after apply)
    }

  # module.networking.aws_subnet.private[0] will be created
  + resource "aws_subnet" "private" {
      + arn                                            = (known after apply)
      + assign_ipv6_address_on_creation                = false
      + availability_zone                              = "us-east-1a"
      + availability_zone_id                           = (known after apply)
      + cidr_block                                     = "10.0.3.0/24"
      + enable_dns64                                   = false
      + enable_resource_name_dns_a_record_on_launch    = false
      + enable_resource_name_dns_aaaa_record_on_launch = false
      + id                                             = (known after apply)
      + ipv6_cidr_block_association_id                 = (known after apply)
      + ipv6_native                                    = false
      + map_public_ip_on_launch                        = false
      + owner_id                                       = (known after apply)
      + private_dns_hostname_type_on_launch            = (known after apply)
      + tags                                           = {
          + "Environment" = "dev"
          + "Name"        = "dev-private-subnet-1"
          + "Project"     = "cloud-app-dashboard"
          + "Terraform"   = "true"
        }
      + tags_all                                       = {
          + "Environment" = "dev"
          + "Name"        = "dev-private-subnet-1"
          + "Project"     = "cloud-app-dashboard"
          + "Terraform"   = "true"
        }
      + vpc_id                                         = (known after apply)
    }

  # module.networking.aws_subnet.private[1] will be created
  + resource "aws_subnet" "private" {
      + arn                                            = (known after apply)
      + assign_ipv6_address_on_creation                = false
      + availability_zone                              = "us-east-1b"
      + availability_zone_id                           = (known after apply)
      + cidr_block                                     = "10.0.4.0/24"
      + enable_dns64                                   = false
      + enable_resource_name_dns_a_record_on_launch    = false
      + enable_resource_name_dns_aaaa_record_on_launch = false
      + id                                             = (known after apply)
      + ipv6_cidr_block_association_id                 = (known after apply)
      + ipv6_native                                    = false
      + map_public_ip_on_launch                        = false
      + owner_id                                       = (known after apply)
      + private_dns_hostname_type_on_launch            = (known after apply)
      + tags                                           = {
          + "Environment" = "dev"
          + "Name"        = "dev-private-subnet-2"
          + "Project"     = "cloud-app-dashboard"
          + "Terraform"   = "true"
        }
      + tags_all                                       = {
          + "Environment" = "dev"
          + "Name"        = "dev-private-subnet-2"
          + "Project"     = "cloud-app-dashboard"
          + "Terraform"   = "true"
        }
      + vpc_id                                         = (known after apply)
    }

  # module.networking.aws_subnet.public[0] will be created
  + resource "aws_subnet" "public" {
      + arn                                            = (known after apply)
      + assign_ipv6_address_on_creation                = false
      + availability_zone                              = "us-east-1a"
      + availability_zone_id                           = (known after apply)
      + cidr_block                                     = "10.0.1.0/24"
      + enable_dns64                                   = false
      + enable_resource_name_dns_a_record_on_launch    = false
      + enable_resource_name_dns_aaaa_record_on_launch = false
      + id                                             = (known after apply)
      + ipv6_cidr_block_association_id                 = (known after apply)
      + ipv6_native                                    = false
      + map_public_ip_on_launch                        = true
      + owner_id                                       = (known after apply)
      + private_dns_hostname_type_on_launch            = (known after apply)
      + tags                                           = {
          + "Environment" = "dev"
          + "Name"        = "dev-public-subnet-1"
          + "Project"     = "cloud-app-dashboard"
          + "Terraform"   = "true"
        }
      + tags_all                                       = {
          + "Environment" = "dev"
          + "Name"        = "dev-public-subnet-1"
          + "Project"     = "cloud-app-dashboard"
          + "Terraform"   = "true"
        }
      + vpc_id                                         = (known after apply)
    }

  # module.networking.aws_subnet.public[1] will be created
  + resource "aws_subnet" "public" {
      + arn                                            = (known after apply)
      + assign_ipv6_address_on_creation                = false
      + availability_zone                              = "us-east-1b"
      + availability_zone_id                           = (known after apply)
      + cidr_block                                     = "10.0.2.0/24"
      + enable_dns64                                   = false
      + enable_resource_name_dns_a_record_on_launch    = false
      + enable_resource_name_dns_aaaa_record_on_launch = false
      + id                                             = (known after apply)
      + ipv6_cidr_block_association_id                 = (known after apply)
      + ipv6_native                                    = false
      + map_public_ip_on_launch                        = true
      + owner_id                                       = (known after apply)
      + private_dns_hostname_type_on_launch            = (known after apply)
      + tags                                           = {
          + "Environment" = "dev"
          + "Name"        = "dev-public-subnet-2"
          + "Project"     = "cloud-app-dashboard"
          + "Terraform"   = "true"
        }
      + tags_all                                       = {
          + "Environment" = "dev"
          + "Name"        = "dev-public-subnet-2"
          + "Project"     = "cloud-app-dashboard"
          + "Terraform"   = "true"
        }
      + vpc_id                                         = (known after apply)
    }

  # module.networking.aws_vpc.main will be created
  + resource "aws_vpc" "main" {
      + arn                                  = (known after apply)
      + cidr_block                           = "10.0.0.0/16"
      + default_network_acl_id               = (known after apply)
      + default_route_table_id               = (known after apply)
      + default_security_group_id            = (known after apply)
      + dhcp_options_id                      = (known after apply)
      + enable_dns_hostnames                 = true
      + enable_dns_support                   = true
      + enable_network_address_usage_metrics = (known after apply)
      + id                                   = (known after apply)
      + instance_tenancy                     = "default"
      + ipv6_association_id                  = (known after apply)
      + ipv6_cidr_block                      = (known after apply)
      + ipv6_cidr_block_network_border_group = (known after apply)
      + main_route_table_id                  = (known after apply)
      + owner_id                             = (known after apply)
      + tags                                 = {
          + "Environment" = "dev"
          + "Name"        = "dev-vpc"
          + "Project"     = "cloud-app-dashboard"
          + "Terraform"   = "true"
        }
      + tags_all                             = {
          + "Environment" = "dev"
          + "Name"        = "dev-vpc"
          + "Project"     = "cloud-app-dashboard"
          + "Terraform"   = "true"
        }
    }

Plan: 31 to add, 0 to change, 0 to destroy.

Changes to Outputs:
  + app_url             = (known after apply)
  + ecr_repository_name = "cloud-app-dashboard"
  + ecr_repository_url  = (known after apply)
  + ecs_cluster_name    = "dev-cluster"
  + ecs_service_name    = "cloud-app-dashboard-service"
  + private_subnet_ids  = [
      + (known after apply),
      + (known after apply),
    ]
  + public_subnet_ids   = [
      + (known after apply),
      + (known after apply),
    ]
  + vpc_id              = (known after apply)

────────────────────────────────────────────────────────────────────────────────────────────────────────────────────

Note: You didn't use the -out option to save this plan, so Terraform can't guarantee to take exactly these actions
if you run "terraform apply" now.
rae@Rae:/mnt/c/Users/KHARDZ/Desktop/Week 3/Oaktree/Terraform$
rae@Rae:/mnt/c/Users/KHARDZ/Desktop/Week 3/Oaktree/Terraform$
rae@Rae:/mnt/c/Users/KHARDZ/Desktop/Week 3/Oaktree/Terraform$
